
Microsoft Visual Studio Solution File, Format Version 12.00
# Visual Studio Version 16
VisualStudioVersion = 16.0.29519.87
MinimumVisualStudioVersion = 10.0.40219.1
Project("{8BC9CEB8-8B4A-11D0-8D11-00A0C91BC942}") = "filter_pe", "filter_pe\filter_pe.vcxproj", "{41FC892B-6AE5-4D0A-BCC8-B1D5BBF7721B}"
EndProject
Global
	GlobalSection(SolutionConfigurationPlatforms) = preSolution
		Debug|ARM = Debug|ARM
		Debug|ARM64 = Debug|ARM64
		Debug|x64 = Debug|x64
		Debug|x86 = Debug|x86
		Release|ARM = Release|ARM
		Release|ARM64 = Release|ARM64
		Release|x64 = Release|x64
		Release|x86 = Release|x86
	EndGlobalSection
	GlobalSection(ProjectConfigurationPlatforms) = postSolution
		{41FC892B-6AE5-4D0A-BCC8-B1D5BBF7721B}.Debug|ARM.ActiveCfg = Debug|ARM
		{41FC892B-6AE5-4D0A-BCC8-B1D5BBF7721B}.Debug|ARM.Build.0 = Debug|ARM
		{41FC892B-6AE5-4D0A-BCC8-B1D5BBF7721B}.Debug|ARM.Deploy.0 = Debug|ARM
		{41FC892B-6AE5-4D0A-BCC8-B1D5BBF7721B}.Debug|ARM64.ActiveCfg = Debug|ARM64
		{41FC892B-6AE5-4D0A-BCC8-B1D5BBF7721B}.Debug|ARM64.Build.0 = Debug|ARM64
		{41FC892B-6AE5-4D0A-BCC8-B1D5BBF7721B}.Debug|ARM64.Deploy.0 = Debug|ARM64
		{41FC892B-6AE5-4D0A-BCC8-B1D5BBF7721B}.Debug|x64.ActiveCfg = Debug|x64
		{41FC892B-6AE5-4D0A-BCC8-B1D5BBF7721B}.Debug|x64.Build.0 = Debug|x64
		{41FC892B-6AE5-4D0A-BCC8-B1D5BBF7721B}.Debug|x64.Deploy.0 = Debug|x64
		{41FC892B-6AE5-4D0A-BCC8-B1D5BBF7721B}.Debug|x86.ActiveCfg = Debug|x86
		{41FC892B-6AE5-4D0A-BCC8-B1D5BBF7721B}.Debug|x86.Build.0 = Debug|x86
		{41FC892B-6AE5-4D0A-BCC8-B1D5BBF7721B}.Debug|x86.Deploy.0 = Debug|x86
		{41FC892B-6AE5-4D0A-BCC8-B1D5BBF7721B}.Release|ARM.ActiveCfg = Release|ARM
		{41FC892B-6AE5-4D0A-BCC8-B1D5BBF7721B}.Release|ARM.Build.0 = Release|ARM
		{41FC892B-6AE5-4D0A-BCC8-B1D5BBF7721B}.Release|ARM.Deploy.0 = Release|ARM
		{41FC892B-6AE5-4D0A-BCC8-B1D5BBF7721B}.Release|ARM64.ActiveCfg = Release|ARM64
		{41FC892B-6AE5-4D0A-BCC8-B1D5BBF7721B}.Release|ARM64.Build.0 = Release|ARM64
		{41FC892B-6AE5-4D0A-BCC8-B1D5BBF7721B}.Release|ARM64.Deploy.0 = Release|ARM64
		{41FC892B-6AE5-4D0A-BCC8-B1D5BBF7721B}.Release|x64.ActiveCfg = Release|x64
		{41FC892B-6AE5-4D0A-BCC8-B1D5BBF7721B}.Release|x64.Build.0 = Release|x64
		{41FC892B-6AE5-4D0A-BCC8-B1D5BBF7721B}.Release|x64.Deploy.0 = Release|x64
		{41FC892B-6AE5-4D0A-BCC8-B1D5BBF7721B}.Release|x86.ActiveCfg = Release|x86
		{41FC892B-6AE5-4D0A-BCC8-B1D5BBF7721B}.Release|x86.Build.0 = Release|x86
		{41FC892B-6AE5-4D0A-BCC8-B1D5BBF7721B}.Release|x86.Deploy.0 = Release|x86
	EndGlobalSection
	GlobalSection(SolutionProperties) = preSolution
		HideSolutionNode = FALSE
	EndGlobalSection
	GlobalSection(ExtensibilityGlobals) = postSolution
		SolutionGuid = {0EC044E9-A9DB-4BF7-BA84-7AB0628B3C31}
	EndGlobalSection
EndGlobal
